<?xml version="1.0" encoding="utf-8"?>
<Project ToolsVersion="4.0" xmlns="http://schemas.microsoft.com/developer/msbuild/2003">
  <ItemGroup>
    <Filter Include="Source Files">
      <UniqueIdentifier>{4FC737F1-C7A5-4376-A066-2A32D752A2FF}</UniqueIdentifier>
      <Extensions>cpp;c;cc;cxx;def;odl;idl;hpj;bat;asm;asmx</Extensions>
    </Filter>
    <Filter Include="Header Files">
      <UniqueIdentifier>{93995380-89BD-4b04-88EB-625FBE52EBFB}</UniqueIdentifier>
      <Extensions>h;hh;hpp;hxx;hm;inl;inc;xsd</Extensions>
    </Filter>
    <Filter Include="Resource Files">
      <UniqueIdentifier>{D9D6E242-F8AF-46E4-B9FD-80ECBC20BA3E}</UniqueIdentifier>
      <Extensions>qrc;*</Extensions>
      <ParseFiles>false</ParseFiles>
    </Filter>
    <Filter Include="Form Files">
      <UniqueIdentifier>{99349809-55BA-4b9d-BF79-8FDBB0286EB3}</UniqueIdentifier>
      <Extensions>ui</Extensions>
    </Filter>
    <Filter Include="Resource Files">
      <UniqueIdentifier>{D9D6E242-F8AF-46E4-B9FD-80ECBC20BA3E}</UniqueIdentifier>
      <Extensions>qrc;*</Extensions>
      <ParseFiles>false</ParseFiles>
    </Filter>
    <Filter Include="Generated Files">
      <UniqueIdentifier>{71ED8ED8-ACB9-4CE9-BBE1-E00B30144E11}</UniqueIdentifier>
      <Extensions>moc;h;cpp</Extensions>
      <SourceControlFiles>False</SourceControlFiles>
    </Filter>
    <Filter Include="Source Files\QTUI">
      <UniqueIdentifier>{0b61f865-9a64-4f5f-910b-88e4203d7f34}</UniqueIdentifier>
    </Filter>
    <Filter Include="Source Files\CFUN">
      <UniqueIdentifier>{d6530b8a-4f5c-45a6-bdff-827984ecaf8e}</UniqueIdentifier>
    </Filter>
    <Filter Include="Header Files\QTUI">
      <UniqueIdentifier>{f4d71823-f627-4c16-96b6-0d16d2e7227d}</UniqueIdentifier>
    </Filter>
    <Filter Include="Header Files\C++">
      <UniqueIdentifier>{2970fbec-152e-4286-8b96-0633da8062cd}</UniqueIdentifier>
    </Filter>
    <Filter Include="Header Files\C++\User">
      <UniqueIdentifier>{df43b72b-e5bc-46b9-8c5a-cde329d120cd}</UniqueIdentifier>
    </Filter>
  </ItemGroup>
  <ItemGroup>
    <ClCompile Include="main.cpp">
      <Filter>Source Files</Filter>
    </ClCompile>
    <ClCompile Include="GeneratedFiles\Debug\moc_FileManagement.cpp">
      <Filter>Generated Files</Filter>
    </ClCompile>
    <ClCompile Include="GeneratedFiles\Release\moc_FileManagement.cpp">
      <Filter>Generated Files</Filter>
    </ClCompile>
    <ClCompile Include="GeneratedFiles\qrc_FileManagement.cpp">
      <Filter>Generated Files</Filter>
    </ClCompile>
    <ClCompile Include="GeneratedFiles\Debug\moc_Login.cpp">
      <Filter>Generated Files</Filter>
    </ClCompile>
    <ClCompile Include="GeneratedFiles\Release\moc_Login.cpp">
      <Filter>Generated Files</Filter>
    </ClCompile>
    <ClCompile Include="Login.cpp">
      <Filter>Source Files\QTUI</Filter>
    </ClCompile>
    <ClCompile Include="FileManagement.cpp">
      <Filter>Source Files\QTUI</Filter>
    </ClCompile>
    <ClCompile Include="User.cpp">
      <Filter>Source Files\CFUN</Filter>
    </ClCompile>
    <ClCompile Include="GeneratedFiles\Debug\moc_Register.cpp">
      <Filter>Generated Files</Filter>
    </ClCompile>
    <ClCompile Include="GeneratedFiles\Release\moc_Register.cpp">
      <Filter>Generated Files</Filter>
    </ClCompile>
    <ClCompile Include="Register.cpp">
      <Filter>Source Files\QTUI</Filter>
    </ClCompile>
    <ClCompile Include="Database.cpp">
      <Filter>Source Files</Filter>
    </ClCompile>
  </ItemGroup>
  <ItemGroup>
    <CustomBuild Include="FileManagement.ui">
      <Filter>Form Files</Filter>
    </CustomBuild>
    <CustomBuild Include="FileManagement.qrc">
      <Filter>Resource Files</Filter>
    </CustomBuild>
    <CustomBuild Include="Login.ui">
      <Filter>Form Files</Filter>
    </CustomBuild>
    <CustomBuild Include="FileManagement.h">
      <Filter>Header Files\QTUI</Filter>
    </CustomBuild>
    <CustomBuild Include="Login.h">
      <Filter>Header Files\QTUI</Filter>
    </CustomBuild>
    <CustomBuild Include="Login.h">
      <Filter>Header Files\Login</Filter>
    </CustomBuild>
    <CustomBuild Include="Register.ui">
      <Filter>Form Files</Filter>
    </CustomBuild>
    <CustomBuild Include="Register.h">
      <Filter>Header Files\QTUI</Filter>
    </CustomBuild>
  </ItemGroup>
  <ItemGroup>
    <ClInclude Include="GeneratedFiles\ui_FileManagement.h">
      <Filter>Generated Files</Filter>
    </ClInclude>
    <ClInclude Include="GeneratedFiles\ui_Login.h">
      <Filter>Generated Files</Filter>
    </ClInclude>
    <ClInclude Include="stdafx.h">
      <Filter>Header Files</Filter>
    </ClInclude>
    <ClInclude Include="User.h">
      <Filter>Header Files\C++\User</Filter>
    </ClInclude>
    <ClInclude Include="GeneratedFiles\ui_Login.h">
      <Filter>Generated Files</Filter>
    </ClInclude>
    <ClInclude Include="GeneratedFiles\ui_Register.h">
      <Filter>Generated Files</Filter>
    </ClInclude>
    <ClInclude Include="Database.h">
      <Filter>Header Files</Filter>
    </ClInclude>
  </ItemGroup>
</Project>