<?xml version="1.0" encoding="utf-8"?>
<Project ToolsVersion="4.0" xmlns="http://schemas.microsoft.com/developer/msbuild/2003">
  <ItemGroup>
    <Filter Include="Source Files">
      <UniqueIdentifier>{4FC737F1-C7A5-4376-A066-2A32D752A2FF}</UniqueIdentifier>
      <Extensions>cpp;c;cc;cxx;def;odl;idl;hpj;bat;asm;asmx</Extensions>
    </Filter>
    <Filter Include="Header Files">
      <UniqueIdentifier>{93995380-89BD-4b04-88EB-625FBE52EBFB}</UniqueIdentifier>
      <Extensions>h;hh;hpp;hxx;hm;inl;inc;xsd</Extensions>
    </Filter>
    <Filter Include="Resource Files">
      <UniqueIdentifier>{D9D6E242-F8AF-46E4-B9FD-80ECBC20BA3E}</UniqueIdentifier>
      <Extensions>qrc;*</Extensions>
      <ParseFiles>false</ParseFiles>
    </Filter>
    <Filter Include="Form Files">
      <UniqueIdentifier>{99349809-55BA-4b9d-BF79-8FDBB0286EB3}</UniqueIdentifier>
      <Extensions>ui</Extensions>
    </Filter>
    <Filter Include="Resource Files">
      <UniqueIdentifier>{D9D6E242-F8AF-46E4-B9FD-80ECBC20BA3E}</UniqueIdentifier>
      <Extensions>qrc;*</Extensions>
      <ParseFiles>false</ParseFiles>
    </Filter>
    <Filter Include="Generated Files">
      <UniqueIdentifier>{71ED8ED8-ACB9-4CE9-BBE1-E00B30144E11}</UniqueIdentifier>
      <Extensions>moc;h;cpp</Extensions>
      <SourceControlFiles>False</SourceControlFiles>
    </Filter>
    <Filter Include="Source Files\QTUI">
      <UniqueIdentifier>{0b61f865-9a64-4f5f-910b-88e4203d7f34}</UniqueIdentifier>
    </Filter>
    <Filter Include="Header Files\H_QTUI">
      <UniqueIdentifier>{f4d71823-f627-4c16-96b6-0d16d2e7227d}</UniqueIdentifier>
    </Filter>
    <Filter Include="Header Files\H_QTUI\Base">
      <UniqueIdentifier>{2c01e36e-e4e9-4c9b-bd77-d744025d307b}</UniqueIdentifier>
    </Filter>
    <Filter Include="Source Files\QTUI\Base">
      <UniqueIdentifier>{ddfd1972-f06b-4f80-96e8-103155ca409b}</UniqueIdentifier>
    </Filter>
    <Filter Include="Resource">
      <UniqueIdentifier>{aaf35b80-6f54-4526-9013-23feb144e696}</UniqueIdentifier>
    </Filter>
    <Filter Include="Resource\CSS">
      <UniqueIdentifier>{94659328-68ee-4858-912c-29e557e2b347}</UniqueIdentifier>
    </Filter>
    <Filter Include="Resource\Icon">
      <UniqueIdentifier>{b5b6f83b-1978-44cd-bbc6-a2e045d8902c}</UniqueIdentifier>
    </Filter>
    <Filter Include="Header Files\H_QTUI\FileFunction">
      <UniqueIdentifier>{eda6843d-11a0-4c72-834a-8a676a8dd365}</UniqueIdentifier>
    </Filter>
    <Filter Include="Header Files\H_QTUI\ReportFunction">
      <UniqueIdentifier>{11cc2967-bd50-4297-866d-4221cf56f41a}</UniqueIdentifier>
    </Filter>
    <Filter Include="Source Files\QTUI\File">
      <UniqueIdentifier>{6c18c356-d8ef-4375-86da-e91e0479b5d3}</UniqueIdentifier>
    </Filter>
    <Filter Include="Source Files\QTUI\Report">
      <UniqueIdentifier>{403485c8-5375-4b5b-8668-087fc36faa88}</UniqueIdentifier>
    </Filter>
  </ItemGroup>
  <ItemGroup>
    <ClCompile Include="main.cpp">
      <Filter>Source Files</Filter>
    </ClCompile>
    <ClCompile Include="GeneratedFiles\Debug\moc_FileManagement.cpp">
      <Filter>Generated Files</Filter>
    </ClCompile>
    <ClCompile Include="GeneratedFiles\Release\moc_FileManagement.cpp">
      <Filter>Generated Files</Filter>
    </ClCompile>
    <ClCompile Include="GeneratedFiles\qrc_FileManagement.cpp">
      <Filter>Generated Files</Filter>
    </ClCompile>
    <ClCompile Include="GeneratedFiles\Release\moc_Login.cpp">
      <Filter>Generated Files</Filter>
    </ClCompile>
    <ClCompile Include="Login.cpp">
      <Filter>Source Files\QTUI</Filter>
    </ClCompile>
    <ClCompile Include="FileManagement.cpp">
      <Filter>Source Files\QTUI</Filter>
    </ClCompile>
    <ClCompile Include="GeneratedFiles\Debug\moc_Register.cpp">
      <Filter>Generated Files</Filter>
    </ClCompile>
    <ClCompile Include="GeneratedFiles\Release\moc_Register.cpp">
      <Filter>Generated Files</Filter>
    </ClCompile>
    <ClCompile Include="Register.cpp">
      <Filter>Source Files\QTUI</Filter>
    </ClCompile>
    <ClCompile Include="GeneratedFiles\Debug\moc_TitleBar.cpp">
      <Filter>Generated Files</Filter>
    </ClCompile>
    <ClCompile Include="GeneratedFiles\Release\moc_TitleBar.cpp">
      <Filter>Generated Files</Filter>
    </ClCompile>
    <ClCompile Include="GeneratedFiles\Debug\moc_Login.cpp">
      <Filter>Generated Files</Filter>
    </ClCompile>
    <ClCompile Include="GeneratedFiles\Debug\moc_BaseWindow.cpp">
      <Filter>Generated Files</Filter>
    </ClCompile>
    <ClCompile Include="GeneratedFiles\Release\moc_BaseWindow.cpp">
      <Filter>Generated Files</Filter>
    </ClCompile>
    <ClCompile Include="GeneratedFiles\Debug\moc_MyMessageBox.cpp">
      <Filter>Generated Files</Filter>
    </ClCompile>
    <ClCompile Include="GeneratedFiles\Release\moc_MyMessageBox.cpp">
      <Filter>Generated Files</Filter>
    </ClCompile>
    <ClCompile Include="BaseWindow.cpp">
      <Filter>Source Files\QTUI\Base</Filter>
    </ClCompile>
    <ClCompile Include="MyMessageBox.cpp">
      <Filter>Source Files\QTUI\Base</Filter>
    </ClCompile>
    <ClCompile Include="TitleBar.cpp">
      <Filter>Source Files\QTUI\Base</Filter>
    </ClCompile>
    <ClCompile Include="GeneratedFiles\Debug\moc_tcpclient.cpp">
      <Filter>Generated Files</Filter>
    </ClCompile>
    <ClCompile Include="GeneratedFiles\Release\moc_tcpclient.cpp">
      <Filter>Generated Files</Filter>
    </ClCompile>
    <ClCompile Include="tcpclient.cpp">
      <Filter>Source Files</Filter>
    </ClCompile>
    <ClCompile Include="stdafx.cpp">
      <Filter>Source Files</Filter>
    </ClCompile>
    <ClCompile Include="Taes.cpp">
      <Filter>Source Files</Filter>
    </ClCompile>
    <ClCompile Include="GeneratedFiles\Debug\moc_DownloadFile.cpp">
      <Filter>Generated Files</Filter>
    </ClCompile>
    <ClCompile Include="GeneratedFiles\Release\moc_DownloadFile.cpp">
      <Filter>Generated Files</Filter>
    </ClCompile>
    <ClCompile Include="GeneratedFiles\Debug\moc_UserInformation.cpp">
      <Filter>Generated Files</Filter>
    </ClCompile>
    <ClCompile Include="GeneratedFiles\Release\moc_UserInformation.cpp">
      <Filter>Generated Files</Filter>
    </ClCompile>
    <ClCompile Include="UserInformation.cpp">
      <Filter>Source Files\QTUI</Filter>
    </ClCompile>
    <ClCompile Include="GeneratedFiles\Debug\moc_ButtonDelegate.cpp">
      <Filter>Generated Files</Filter>
    </ClCompile>
    <ClCompile Include="GeneratedFiles\Release\moc_ButtonDelegate.cpp">
      <Filter>Generated Files</Filter>
    </ClCompile>
    <ClCompile Include="ButtonDelegate.cpp">
      <Filter>Source Files\QTUI\Base</Filter>
    </ClCompile>
    <ClCompile Include="TableModel.cpp">
      <Filter>Source Files\QTUI\Base</Filter>
    </ClCompile>
    <ClCompile Include="GeneratedFiles\Debug\moc_TableModel.cpp">
      <Filter>Generated Files</Filter>
    </ClCompile>
    <ClCompile Include="GeneratedFiles\Release\moc_TableModel.cpp">
      <Filter>Generated Files</Filter>
    </ClCompile>
    <ClCompile Include="GeneratedFiles\Debug\moc_ReportEdit.cpp">
      <Filter>Generated Files</Filter>
    </ClCompile>
    <ClCompile Include="GeneratedFiles\Release\moc_ReportEdit.cpp">
      <Filter>Generated Files</Filter>
    </ClCompile>
    <ClCompile Include="GeneratedFiles\Debug\moc_ReportLook.cpp">
      <Filter>Generated Files</Filter>
    </ClCompile>
    <ClCompile Include="GeneratedFiles\Release\moc_ReportLook.cpp">
      <Filter>Generated Files</Filter>
    </ClCompile>
    <ClCompile Include="GeneratedFiles\Debug\moc_ReportDetail.cpp">
      <Filter>Generated Files</Filter>
    </ClCompile>
    <ClCompile Include="GeneratedFiles\Release\moc_ReportDetail.cpp">
      <Filter>Generated Files</Filter>
    </ClCompile>
    <ClCompile Include="DownloadFile.cpp">
      <Filter>Source Files\QTUI\File</Filter>
    </ClCompile>
    <ClCompile Include="UploadFile.cpp">
      <Filter>Source Files\QTUI\File</Filter>
    </ClCompile>
    <ClCompile Include="ReportDetail.cpp">
      <Filter>Source Files\QTUI\Report</Filter>
    </ClCompile>
    <ClCompile Include="ReportEdit.cpp">
      <Filter>Source Files\QTUI\Report</Filter>
    </ClCompile>
    <ClCompile Include="ReportLook.cpp">
      <Filter>Source Files\QTUI\Report</Filter>
    </ClCompile>
    <ClCompile Include="UploadWindow.cpp">
      <Filter>Source Files\QTUI\File</Filter>
    </ClCompile>
    <ClCompile Include="GeneratedFiles\Debug\moc_UploadWindow.cpp">
      <Filter>Generated Files</Filter>
    </ClCompile>
    <ClCompile Include="GeneratedFiles\Release\moc_UploadWindow.cpp">
      <Filter>Generated Files</Filter>
    </ClCompile>
  </ItemGroup>
  <ItemGroup>
    <CustomBuild Include="FileManagement.ui">
      <Filter>Form Files</Filter>
    </CustomBuild>
    <CustomBuild Include="FileManagement.qrc">
      <Filter>Resource Files</Filter>
    </CustomBuild>
    <CustomBuild Include="FileManagement.h">
      <Filter>Header Files\H_QTUI</Filter>
    </CustomBuild>
    <CustomBuild Include="Login.h">
      <Filter>Header Files\H_QTUI</Filter>
    </CustomBuild>
    <CustomBuild Include="Login.h">
      <Filter>Header Files\Login</Filter>
    </CustomBuild>
    <CustomBuild Include="Register.ui">
      <Filter>Form Files</Filter>
    </CustomBuild>
    <CustomBuild Include="Register.h">
      <Filter>Header Files\H_QTUI</Filter>
    </CustomBuild>
    <CustomBuild Include="BaseWindow.h">
      <Filter>Header Files\H_QTUI\Base</Filter>
    </CustomBuild>
    <CustomBuild Include="TitleBar.h">
      <Filter>Header Files\H_QTUI\Base</Filter>
    </CustomBuild>
    <CustomBuild Include="MyMessageBox.h">
      <Filter>Header Files\H_QTUI\Base</Filter>
    </CustomBuild>
    <CustomBuild Include="MyMessageBox.ui">
      <Filter>Form Files</Filter>
    </CustomBuild>
    <CustomBuild Include="tcpclient.h">
      <Filter>Header Files</Filter>
    </CustomBuild>
    <CustomBuild Include="DownloadFile.ui">
      <Filter>Form Files</Filter>
    </CustomBuild>
    <CustomBuild Include="UserInformation.ui">
      <Filter>Form Files</Filter>
    </CustomBuild>
    <CustomBuild Include="UserInformation.h">
      <Filter>Header Files\H_QTUI</Filter>
    </CustomBuild>
    <CustomBuild Include="ButtonDelegate.h">
      <Filter>Header Files\H_QTUI\Base</Filter>
    </CustomBuild>
    <CustomBuild Include="TableModel.h">
      <Filter>Header Files\H_QTUI\Base</Filter>
    </CustomBuild>
    <CustomBuild Include="Login.ui">
      <Filter>Form Files</Filter>
    </CustomBuild>
    <CustomBuild Include="ReportEdit.ui">
      <Filter>Form Files</Filter>
    </CustomBuild>
    <CustomBuild Include="ReportLook.ui">
      <Filter>Form Files</Filter>
    </CustomBuild>
    <CustomBuild Include="ReportDetail.ui">
      <Filter>Form Files</Filter>
    </CustomBuild>
    <CustomBuild Include="DownloadFile.h">
      <Filter>Header Files\H_QTUI\FileFunction</Filter>
    </CustomBuild>
    <CustomBuild Include="UploadFile.h">
      <Filter>Header Files\H_QTUI\FileFunction</Filter>
    </CustomBuild>
    <CustomBuild Include="ReportEdit.h">
      <Filter>Header Files\H_QTUI\ReportFunction</Filter>
    </CustomBuild>
    <CustomBuild Include="ReportLook.h">
      <Filter>Header Files\H_QTUI\ReportFunction</Filter>
    </CustomBuild>
    <CustomBuild Include="ReportDetail.h">
      <Filter>Header Files\H_QTUI\ReportFunction</Filter>
    </CustomBuild>
    <CustomBuild Include="UploadWindow.h">
      <Filter>Header Files\H_QTUI\FileFunction</Filter>
    </CustomBuild>
    <CustomBuild Include="UploadWindow.ui">
      <Filter>Form Files</Filter>
    </CustomBuild>
  </ItemGroup>
  <ItemGroup>
    <ClInclude Include="GeneratedFiles\ui_FileManagement.h">
      <Filter>Generated Files</Filter>
    </ClInclude>
    <ClInclude Include="stdafx.h">
      <Filter>Header Files</Filter>
    </ClInclude>
    <ClInclude Include="GeneratedFiles\ui_Login.h">
      <Filter>Generated Files</Filter>
    </ClInclude>
    <ClInclude Include="GeneratedFiles\ui_Register.h">
      <Filter>Generated Files</Filter>
    </ClInclude>
    <ClInclude Include="resource.h">
      <Filter>Header Files</Filter>
    </ClInclude>
    <ClInclude Include="GeneratedFiles\ui_MyMessageBox.h">
      <Filter>Generated Files</Filter>
    </ClInclude>
    <ClInclude Include="aes.h">
      <Filter>Header Files\H_QTUI\Base</Filter>
    </ClInclude>
    <ClInclude Include="AesHelper.h">
      <Filter>Header Files\H_QTUI\Base</Filter>
    </ClInclude>
    <ClInclude Include="GeneratedFiles\ui_DownloadFile.h">
      <Filter>Generated Files</Filter>
    </ClInclude>
    <ClInclude Include="GeneratedFiles\ui_UserInformation.h">
      <Filter>Generated Files</Filter>
    </ClInclude>
    <ClInclude Include="GeneratedFiles\ui_Login.h">
      <Filter>Generated Files</Filter>
    </ClInclude>
    <ClInclude Include="GeneratedFiles\ui_ReportEdit.h">
      <Filter>Generated Files</Filter>
    </ClInclude>
    <ClInclude Include="GeneratedFiles\ui_ReportLook.h">
      <Filter>Generated Files</Filter>
    </ClInclude>
    <ClInclude Include="GeneratedFiles\ui_ReportDetail.h">
      <Filter>Generated Files</Filter>
    </ClInclude>
    <ClInclude Include="DownloadManage.h">
      <Filter>Header Files\H_QTUI\FileFunction</Filter>
    </ClInclude>
    <ClInclude Include="Report.h">
      <Filter>Header Files\H_QTUI\ReportFunction</Filter>
    </ClInclude>
    <ClInclude Include="GeneratedFiles\ui_UploadWindow.h">
      <Filter>Generated Files</Filter>
    </ClInclude>
  </ItemGroup>
  <ItemGroup>
    <ResourceCompile Include="FileManagement.rc" />
  </ItemGroup>
  <ItemGroup>
    <None Include="Login.qss">
      <Filter>Resource\CSS</Filter>
    </None>
    <None Include="Resource\MyTitle\MyTitle.qss">
      <Filter>Resource\CSS</Filter>
    </None>
    <None Include="Resource\qss\MyMessageBox.qss">
      <Filter>Resource\CSS</Filter>
    </None>
    <None Include="Resource\qss\UploadFile.qss">
      <Filter>Resource\CSS</Filter>
    </None>
    <None Include="Resource\qss\mainWindow.qss">
      <Filter>Resource\CSS</Filter>
    </None>
    <None Include="Resource\qss\Register.qss">
      <Filter>Resource\CSS</Filter>
    </None>
    <None Include="Resource\qss\ReportDetail.qss">
      <Filter>Resource\CSS</Filter>
    </None>
  </ItemGroup>
  <ItemGroup>
    <Image Include="Resource\chat.png">
      <Filter>Resource\Icon</Filter>
    </Image>
    <Image Include="Resource\close.png">
      <Filter>Resource\Icon</Filter>
    </Image>
    <Image Include="Resource\ion\confirm.jpg">
      <Filter>Resource\Icon</Filter>
    </Image>
    <Image Include="Resource\ion\correct.png">
      <Filter>Resource\Icon</Filter>
    </Image>
    <Image Include="Resource\delete.png">
      <Filter>Resource\Icon</Filter>
    </Image>
    <Image Include="Resource\ion\deleteFile.png">
      <Filter>Resource\Icon</Filter>
    </Image>
    <Image Include="Resource\fileIcon\doc.png">
      <Filter>Resource\Icon</Filter>
    </Image>
    <Image Include="Resource\download.png">
      <Filter>Resource\Icon</Filter>
    </Image>
    <Image Include="Resource\ion\downloadFile.png">
      <Filter>Resource\Icon</Filter>
    </Image>
    <Image Include="Resource\ion\error.png">
      <Filter>Resource\Icon</Filter>
    </Image>
    <Image Include="Resource\fileIcon\exe.png">
      <Filter>Resource\Icon</Filter>
    </Image>
    <Image Include="Resource\ion\login.jpg">
      <Filter>Resource\Icon</Filter>
    </Image>
    <Image Include="Resource\Logo.gif">
      <Filter>Resource\Icon</Filter>
    </Image>
    <Image Include="Resource\MainWindow.gif">
      <Filter>Resource\Icon</Filter>
    </Image>
    <Image Include="Resource\max.png">
      <Filter>Resource\Icon</Filter>
    </Image>
    <Image Include="Resource\ion\message_delete.png">
      <Filter>Resource\Icon</Filter>
    </Image>
    <Image Include="Resource\ion\message_tips.png">
      <Filter>Resource\Icon</Filter>
    </Image>
    <Image Include="Resource\ion\message_warnning.png">
      <Filter>Resource\Icon</Filter>
    </Image>
    <Image Include="Resource\min.png">
      <Filter>Resource\Icon</Filter>
    </Image>
    <Image Include="Resource\ion\pass.png">
      <Filter>Resource\Icon</Filter>
    </Image>
    <Image Include="Resource\fileIcon\pdf.png">
      <Filter>Resource\Icon</Filter>
    </Image>
    <Image Include="Resource\person1.png">
      <Filter>Resource\Icon</Filter>
    </Image>
    <Image Include="Resource\fileIcon\rar.png">
      <Filter>Resource\Icon</Filter>
    </Image>
    <Image Include="Resource\fileIcon\txt.png">
      <Filter>Resource\Icon</Filter>
    </Image>
    <Image Include="Resource\upload.png">
      <Filter>Resource\Icon</Filter>
    </Image>
    <Image Include="Resource\ion\user.png">
      <Filter>Resource\Icon</Filter>
    </Image>
    <Image Include="Resource\fileIcon\xls.png">
      <Filter>Resource\Icon</Filter>
    </Image>
    <Image Include="Resource\fileIcon\zip.png">
      <Filter>Resource\Icon</Filter>
    </Image>
  </ItemGroup>
</Project>